
Microsoft Visual Studio Solution File, Format Version 12.00
# Visual Studio Version 16
VisualStudioVersion = 16.0.30517.126
MinimumVisualStudioVersion = 10.0.40219.1
Project("{FAE04EC0-301F-11D3-BF4B-00C04F79EFBC}") = "OOP", "OOP\OOP.csproj", "{5518883E-63EF-44FC-A9A5-02C02C7C8CB6}"
EndProject
Global
	GlobalSection(SolutionConfigurationPlatforms) = preSolution
		Debug|Any CPU = Debug|Any CPU
		Release|Any CPU = Release|Any CPU
	EndGlobalSection
	GlobalSection(ProjectConfigurationPlatforms) = postSolution
		{5518883E-63EF-44FC-A9A5-02C02C7C8CB6}.Debug|Any CPU.ActiveCfg = Debug|Any CPU
		{5518883E-63EF-44FC-A9A5-02C02C7C8CB6}.Debug|Any CPU.Build.0 = Debug|Any CPU
		{5518883E-63EF-44FC-A9A5-02C02C7C8CB6}.Release|Any CPU.ActiveCfg = Release|Any CPU
		{5518883E-63EF-44FC-A9A5-02C02C7C8CB6}.Release|Any CPU.Build.0 = Release|Any CPU
	EndGlobalSection
	GlobalSection(SolutionProperties) = preSolution
		HideSolutionNode = FALSE
	EndGlobalSection
	GlobalSection(ExtensibilityGlobals) = postSolution
		SolutionGuid = {41770FDF-57E7-4C77-A700-AF9816BD3694}
	EndGlobalSection
EndGlobal
